{
  "originHash" : "bb62c7467654f5d55088b91fc4d601150c1ef284538a991560ecd5fa6fe04e83",
  "pins" : [
    {
      "identity" : "atprotoclient",
      "kind" : "remoteSourceControl",
      "location" : "https://github.com/germ-network/AtprotoClient.git",
      "state" : {
        "branch" : "mark/http-types",
        "revision" : "5d385d48ea45584171fcdab1d3d00c7b6338e408"
      }
    },
    {
      "identity" : "atprototypes",
      "kind" : "remoteSourceControl",
      "location" : "https://github.com/germ-network/AtprotoTypes.git",
      "state" : {
        "branch" : "mark/http-types",
        "revision" : "a219bf9e6244a46cfa5957654ca2d415b7cda1a0"
      }
    },
    {
      "identity" : "base32",
      "kind" : "remoteSourceControl",
      "location" : "https://github.com/Jarema/Base32.git",
      "state" : {
        "revision" : "7f723a2e55f1c76e7c79263aebf89dbfcd58e77d",
        "version" : "0.10.2"
      }
    },
    {
      "identity" : "germconvenience",
      "kind" : "remoteSourceControl",
      "location" : "https://github.com/germ-network/GermConvenience.git",
      "state" : {
        "branch" : "mark/http-types",
        "revision" : "e481c34f894accd6a619bfc92890aa949b14ab35"
      }
    },
    {
      "identity" : "swift-asn1",
      "kind" : "remoteSourceControl",
      "location" : "https://github.com/apple/swift-asn1.git",
      "state" : {
        "revision" : "9f542610331815e29cc3821d3b6f488db8715517",
        "version" : "1.6.0"
      }
    },
    {
      "identity" : "swift-crypto",
      "kind" : "remoteSourceControl",
      "location" : "https://github.com/apple/swift-crypto.git",
      "state" : {
        "revision" : "fa308c07a6fa04a727212d793e761460e41049c3",
        "version" : "4.3.0"
      }
    },
    {
      "identity" : "swift-http-types",
      "kind" : "remoteSourceControl",
      "location" : "https://github.com/apple/swift-http-types.git",
      "state" : {
        "revision" : "45eb0224913ea070ec4fba17291b9e7ecf4749ca",
        "version" : "1.5.1"
      }
    },
    {
      "identity" : "swift-log",
      "kind" : "remoteSourceControl",
      "location" : "https://github.com/apple/swift-log",
      "state" : {
        "revision" : "bbd81b6725ae874c69e9b8c8804d462356b55523",
        "version" : "1.10.1"
      }
    }
  ],
  "version" : 3
}
