{
  "originHash" : "e080fe662c8c8d6e6f203ae7aa3a924c54969043f302750288e0104057120235",
  "pins" : [
    {
      "identity" : "atprotoclient",
      "kind" : "remoteSourceControl",
      "location" : "https://github.com/germ-network/AtprotoClient.git",
      "state" : {
        "branch" : "mark/http-types",
        "revision" : "119b883352fc4ce15f9ff3c5749bee960bbc0126"
      }
    },
    {
      "identity" : "atprototypes",
      "kind" : "remoteSourceControl",
      "location" : "https://github.com/germ-network/AtprotoTypes.git",
      "state" : {
        "branch" : "mark/http-types",
        "revision" : "9946b334822524011dc08d2559d27657ec897e71"
      }
    },
    {
      "identity" : "base32",
      "kind" : "remoteSourceControl",
      "location" : "https://github.com/Jarema/Base32.git",
      "state" : {
        "revision" : "7f723a2e55f1c76e7c79263aebf89dbfcd58e77d",
        "version" : "0.10.2"
      }
    },
    {
      "identity" : "germconvenience",
      "kind" : "remoteSourceControl",
      "location" : "https://github.com/germ-network/GermConvenience.git",
      "state" : {
        "branch" : "mark/http-types",
        "revision" : "1eb34f2d42ca1bb225b5ef91ae10b6e040e4b348"
      }
    },
    {
      "identity" : "swift-asn1",
      "kind" : "remoteSourceControl",
      "location" : "https://github.com/apple/swift-asn1.git",
      "state" : {
        "revision" : "9f542610331815e29cc3821d3b6f488db8715517",
        "version" : "1.6.0"
      }
    },
    {
      "identity" : "swift-crypto",
      "kind" : "remoteSourceControl",
      "location" : "https://github.com/apple/swift-crypto.git",
      "state" : {
        "revision" : "fa308c07a6fa04a727212d793e761460e41049c3",
        "version" : "4.3.0"
      }
    },
    {
      "identity" : "swift-http-types",
      "kind" : "remoteSourceControl",
      "location" : "https://github.com/apple/swift-http-types.git",
      "state" : {
        "revision" : "45eb0224913ea070ec4fba17291b9e7ecf4749ca",
        "version" : "1.5.1"
      }
    },
    {
      "identity" : "swift-log",
      "kind" : "remoteSourceControl",
      "location" : "https://github.com/apple/swift-log",
      "state" : {
        "revision" : "bbd81b6725ae874c69e9b8c8804d462356b55523",
        "version" : "1.10.1"
      }
    }
  ],
  "version" : 3
}
